
Microsoft Visual Studio Solution File, Format Version 12.00
# Visual Studio Version 17
VisualStudioVersion = 17.0.32112.339
MinimumVisualStudioVersion = 10.0.40219.1
Project("{FAE04EC0-301F-11D3-BF4B-00C04F79EFBC}") = "PodatkovniSloj", "PodatkovniSloj\PodatkovniSloj.csproj", "{B0CE6F84-B177-4A99-B4DD-6DC905D02A71}"
EndProject
Project("{FAE04EC0-301F-11D3-BF4B-00C04F79EFBC}") = "WindowsForms", "WindowsForms\WindowsForms.csproj", "{49A9B216-EBE8-4A59-8528-4BCCB6812D4E}"
EndProject
Project("{FAE04EC0-301F-11D3-BF4B-00C04F79EFBC}") = "WPF", "WPF\WPF.csproj", "{550580C9-E69A-4D5C-9DFE-1F61827309C5}"
EndProject
Global
	GlobalSection(SolutionConfigurationPlatforms) = preSolution
		Debug|Any CPU = Debug|Any CPU
		Release|Any CPU = Release|Any CPU
	EndGlobalSection
	GlobalSection(ProjectConfigurationPlatforms) = postSolution
		{B0CE6F84-B177-4A99-B4DD-6DC905D02A71}.Debug|Any CPU.ActiveCfg = Debug|Any CPU
		{B0CE6F84-B177-4A99-B4DD-6DC905D02A71}.Debug|Any CPU.Build.0 = Debug|Any CPU
		{B0CE6F84-B177-4A99-B4DD-6DC905D02A71}.Release|Any CPU.ActiveCfg = Release|Any CPU
		{B0CE6F84-B177-4A99-B4DD-6DC905D02A71}.Release|Any CPU.Build.0 = Release|Any CPU
		{49A9B216-EBE8-4A59-8528-4BCCB6812D4E}.Debug|Any CPU.ActiveCfg = Debug|Any CPU
		{49A9B216-EBE8-4A59-8528-4BCCB6812D4E}.Debug|Any CPU.Build.0 = Debug|Any CPU
		{49A9B216-EBE8-4A59-8528-4BCCB6812D4E}.Release|Any CPU.ActiveCfg = Release|Any CPU
		{49A9B216-EBE8-4A59-8528-4BCCB6812D4E}.Release|Any CPU.Build.0 = Release|Any CPU
		{550580C9-E69A-4D5C-9DFE-1F61827309C5}.Debug|Any CPU.ActiveCfg = Debug|Any CPU
		{550580C9-E69A-4D5C-9DFE-1F61827309C5}.Debug|Any CPU.Build.0 = Debug|Any CPU
		{550580C9-E69A-4D5C-9DFE-1F61827309C5}.Release|Any CPU.ActiveCfg = Release|Any CPU
		{550580C9-E69A-4D5C-9DFE-1F61827309C5}.Release|Any CPU.Build.0 = Release|Any CPU
	EndGlobalSection
	GlobalSection(SolutionProperties) = preSolution
		HideSolutionNode = FALSE
	EndGlobalSection
	GlobalSection(ExtensibilityGlobals) = postSolution
		SolutionGuid = {82F503ED-CECD-48AB-A224-A776288A0C38}
	EndGlobalSection
EndGlobal
